
Microsoft Visual Studio Solution File, Format Version 12.00
# Visual Studio Version 16
VisualStudioVersion = 16.0.29519.181
MinimumVisualStudioVersion = 10.0.40219.1
Project("{FAE04EC0-301F-11D3-BF4B-00C04F79EFBC}") = "GitCapirotescoTeste", "GitCapirotescoTeste\GitCapirotescoTeste.csproj", "{69F6E762-D934-4BE2-BE4B-945E3087256A}"
EndProject
Global
	GlobalSection(SolutionConfigurationPlatforms) = preSolution
		Debug|Any CPU = Debug|Any CPU
		Release|Any CPU = Release|Any CPU
	EndGlobalSection
	GlobalSection(ProjectConfigurationPlatforms) = postSolution
		{69F6E762-D934-4BE2-BE4B-945E3087256A}.Debug|Any CPU.ActiveCfg = Debug|Any CPU
		{69F6E762-D934-4BE2-BE4B-945E3087256A}.Debug|Any CPU.Build.0 = Debug|Any CPU
		{69F6E762-D934-4BE2-BE4B-945E3087256A}.Release|Any CPU.ActiveCfg = Release|Any CPU
		{69F6E762-D934-4BE2-BE4B-945E3087256A}.Release|Any CPU.Build.0 = Release|Any CPU
	EndGlobalSection
	GlobalSection(SolutionProperties) = preSolution
		HideSolutionNode = FALSE
	EndGlobalSection
	GlobalSection(ExtensibilityGlobals) = postSolution
		SolutionGuid = {22EC4C62-10B0-44C1-964A-8BCB11041FA9}
	EndGlobalSection
EndGlobal
